
Microsoft Visual Studio Solution File, Format Version 12.00
# Visual Studio Version 17
VisualStudioVersion = 17.3.32901.215
MinimumVisualStudioVersion = 10.0.40219.1
Project("{FAE04EC0-301F-11D3-BF4B-00C04F79EFBC}") = "Spooksoft.Wpf.Controls", "Spooksoft.Wpf.Controls\Spooksoft.Wpf.Controls.csproj", "{62B5ACDC-4B28-4084-AD1F-1E87477C493B}"
EndProject
Global
	GlobalSection(SolutionConfigurationPlatforms) = preSolution
		Debug|Any CPU = Debug|Any CPU
		Release|Any CPU = Release|Any CPU
	EndGlobalSection
	GlobalSection(ProjectConfigurationPlatforms) = postSolution
		{62B5ACDC-4B28-4084-AD1F-1E87477C493B}.Debug|Any CPU.ActiveCfg = Debug|Any CPU
		{62B5ACDC-4B28-4084-AD1F-1E87477C493B}.Debug|Any CPU.Build.0 = Debug|Any CPU
		{62B5ACDC-4B28-4084-AD1F-1E87477C493B}.Release|Any CPU.ActiveCfg = Release|Any CPU
		{62B5ACDC-4B28-4084-AD1F-1E87477C493B}.Release|Any CPU.Build.0 = Release|Any CPU
	EndGlobalSection
	GlobalSection(SolutionProperties) = preSolution
		HideSolutionNode = FALSE
	EndGlobalSection
	GlobalSection(ExtensibilityGlobals) = postSolution
		SolutionGuid = {65409519-F872-4899-91D1-87EEADA57F21}
	EndGlobalSection
EndGlobal
